
Microsoft Visual Studio Solution File, Format Version 12.00
Project("{FAE04EC0-301F-11D3-BF4B-00C04F79EFBC}") = "livogrore", "livogrore.csproj", "{BCA3209A-442B-4F52-A23A-261453DF190D}"
EndProject
Global
	GlobalSection(SolutionConfigurationPlatforms) = preSolution
		Debug|Any CPU = Debug|Any CPU
		Release|Any CPU = Release|Any CPU
	EndGlobalSection
	GlobalSection(ProjectConfigurationPlatforms) = postSolution
		{BCA3209A-442B-4F52-A23A-261453DF190D}.Debug|Any CPU.ActiveCfg = Debug|Any CPU
		{BCA3209A-442B-4F52-A23A-261453DF190D}.Debug|Any CPU.Build.0 = Debug|Any CPU
		{BCA3209A-442B-4F52-A23A-261453DF190D}.Release|Any CPU.ActiveCfg = Release|Any CPU
		{BCA3209A-442B-4F52-A23A-261453DF190D}.Release|Any CPU.Build.0 = Release|Any CPU
	EndGlobalSection
EndGlobal
